
Microsoft Visual Studio Solution File, Format Version 12.00
# Visual Studio 15
Project("{FAE04EC0-301F-11D3-BF4B-00C04F79EFBC}") = "Assembly-CSharp", "Assembly-CSharp.csproj", "{417E3802-3AC9-51CB-388F-4A9362784E32}"
EndProject
Global
	GlobalSection(SolutionConfigurationPlatforms) = preSolution
		Debug|Any CPU = Debug|Any CPU
		Release|Any CPU = Release|Any CPU
	EndGlobalSection
	GlobalSection(ProjectConfigurationPlatforms) = postSolution
		{417E3802-3AC9-51CB-388F-4A9362784E32}.Debug|Any CPU.ActiveCfg = Debug|Any CPU
		{417E3802-3AC9-51CB-388F-4A9362784E32}.Debug|Any CPU.Build.0 = Debug|Any CPU
		{417E3802-3AC9-51CB-388F-4A9362784E32}.Release|Any CPU.ActiveCfg = Release|Any CPU
		{417E3802-3AC9-51CB-388F-4A9362784E32}.Release|Any CPU.Build.0 = Release|Any CPU
	EndGlobalSection
	GlobalSection(SolutionProperties) = preSolution
		HideSolutionNode = FALSE
	EndGlobalSection
EndGlobal
